// !$*UTF8*$!
{
	archiveVersion = 1;
	classes = {
	};
	objectVersion = 56;
	objects = {

/* Begin PBXBuildFile section */
		F7286ED52A797C73009814E0 /* AppDelegate.swift in Sources */ = {isa = PBXBuildFile; fileRef = F7286ED42A797C73009814E0 /* AppDelegate.swift */; };
		F7286ED72A797C73009814E0 /* SceneDelegate.swift in Sources */ = {isa = PBXBuildFile; fileRef = F7286ED62A797C73009814E0 /* SceneDelegate.swift */; };
		F7286ED92A797C73009814E0 /* ProfileViewController.swift in Sources */ = {isa = PBXBuildFile; fileRef = F7286ED82A797C73009814E0 /* ProfileViewController.swift */; };
		F7286EDC2A797C73009814E0 /* Main.storyboard in Resources */ = {isa = PBXBuildFile; fileRef = F7286EDA2A797C73009814E0 /* Main.storyboard */; };
		F7286EDE2A797C74009814E0 /* Assets.xcassets in Resources */ = {isa = PBXBuildFile; fileRef = F7286EDD2A797C74009814E0 /* Assets.xcassets */; };
		F7286EE12A797C74009814E0 /* LaunchScreen.storyboard in Resources */ = {isa = PBXBuildFile; fileRef = F7286EDF2A797C74009814E0 /* LaunchScreen.storyboard */; };
		F7286EE92A797F52009814E0 /* StorageService.swift in Sources */ = {isa = PBXBuildFile; fileRef = F7286EE82A797F52009814E0 /* StorageService.swift */; };
		F7286EEC2A797FBF009814E0 /* CloseButton.swift in Sources */ = {isa = PBXBuildFile; fileRef = F7286EEB2A797FBF009814E0 /* CloseButton.swift */; };
		F7286EEE2A79801A009814E0 /* TagListView.swift in Sources */ = {isa = PBXBuildFile; fileRef = F7286EED2A79801A009814E0 /* TagListView.swift */; };
		F7286EF02A79803A009814E0 /* TagView.swift in Sources */ = {isa = PBXBuildFile; fileRef = F7286EEF2A79803A009814E0 /* TagView.swift */; };
		F7286EF32A7980B8009814E0 /* HeaderCell.swift in Sources */ = {isa = PBXBuildFile; fileRef = F7286EF22A7980B8009814E0 /* HeaderCell.swift */; };
		F7286EF52A7980E4009814E0 /* AboutCell.swift in Sources */ = {isa = PBXBuildFile; fileRef = F7286EF42A7980E4009814E0 /* AboutCell.swift */; };
		F7286EF72A798149009814E0 /* AboutCell.xib in Resources */ = {isa = PBXBuildFile; fileRef = F7286EF62A798149009814E0 /* AboutCell.xib */; };
		F7286EF92A798201009814E0 /* TagsHeaderCell.swift in Sources */ = {isa = PBXBuildFile; fileRef = F7286EF82A798201009814E0 /* TagsHeaderCell.swift */; };
		F7286EFB2A798228009814E0 /* TagsHeaderCell.xib in Resources */ = {isa = PBXBuildFile; fileRef = F7286EFA2A798228009814E0 /* TagsHeaderCell.xib */; };
		F7286EFD2A798302009814E0 /* HeaderCell.xib in Resources */ = {isa = PBXBuildFile; fileRef = F7286EFC2A798302009814E0 /* HeaderCell.xib */; };
		F7286EFF2A798326009814E0 /* TagsCell.swift in Sources */ = {isa = PBXBuildFile; fileRef = F7286EFE2A798326009814E0 /* TagsCell.swift */; };
		F7286F012A798342009814E0 /* TagsCell.xib in Resources */ = {isa = PBXBuildFile; fileRef = F7286F002A798342009814E0 /* TagsCell.xib */; };
/* End PBXBuildFile section */

/* Begin PBXFileReference section */
		F7286ED12A797C73009814E0 /* Surf_cv.app */ = {isa = PBXFileReference; explicitFileType = wrapper.application; includeInIndex = 0; path = Surf_cv.app; sourceTree = BUILT_PRODUCTS_DIR; };
		F7286ED42A797C73009814E0 /* AppDelegate.swift */ = {isa = PBXFileReference; lastKnownFileType = sourcecode.swift; path = AppDelegate.swift; sourceTree = "<group>"; };
		F7286ED62A797C73009814E0 /* SceneDelegate.swift */ = {isa = PBXFileReference; lastKnownFileType = sourcecode.swift; path = SceneDelegate.swift; sourceTree = "<group>"; };
		F7286ED82A797C73009814E0 /* ProfileViewController.swift */ = {isa = PBXFileReference; lastKnownFileType = sourcecode.swift; path = ProfileViewController.swift; sourceTree = "<group>"; };
		F7286EDB2A797C73009814E0 /* Base */ = {isa = PBXFileReference; lastKnownFileType = file.storyboard; name = Base; path = Base.lproj/Main.storyboard; sourceTree = "<group>"; };
		F7286EDD2A797C74009814E0 /* Assets.xcassets */ = {isa = PBXFileReference; lastKnownFileType = folder.assetcatalog; path = Assets.xcassets; sourceTree = "<group>"; };
		F7286EE02A797C74009814E0 /* Base */ = {isa = PBXFileReference; lastKnownFileType = file.storyboard; name = Base; path = Base.lproj/LaunchScreen.storyboard; sourceTree = "<group>"; };
		F7286EE22A797C74009814E0 /* Info.plist */ = {isa = PBXFileReference; lastKnownFileType = text.plist.xml; path = Info.plist; sourceTree = "<group>"; };
		F7286EE82A797F52009814E0 /* StorageService.swift */ = {isa = PBXFileReference; lastKnownFileType = sourcecode.swift; path = StorageService.swift; sourceTree = "<group>"; };
		F7286EEB2A797FBF009814E0 /* CloseButton.swift */ = {isa = PBXFileReference; lastKnownFileType = sourcecode.swift; path = CloseButton.swift; sourceTree = "<group>"; };
		F7286EED2A79801A009814E0 /* TagListView.swift */ = {isa = PBXFileReference; lastKnownFileType = sourcecode.swift; path = TagListView.swift; sourceTree = "<group>"; };
		F7286EEF2A79803A009814E0 /* TagView.swift */ = {isa = PBXFileReference; lastKnownFileType = sourcecode.swift; path = TagView.swift; sourceTree = "<group>"; };
		F7286EF22A7980B8009814E0 /* HeaderCell.swift */ = {isa = PBXFileReference; lastKnownFileType = sourcecode.swift; path = HeaderCell.swift; sourceTree = "<group>"; };
		F7286EF42A7980E4009814E0 /* AboutCell.swift */ = {isa = PBXFileReference; lastKnownFileType = sourcecode.swift; path = AboutCell.swift; sourceTree = "<group>"; };
		F7286EF62A798149009814E0 /* AboutCell.xib */ = {isa = PBXFileReference; lastKnownFileType = file.xib; path = AboutCell.xib; sourceTree = "<group>"; };
		F7286EF82A798201009814E0 /* TagsHeaderCell.swift */ = {isa = PBXFileReference; lastKnownFileType = sourcecode.swift; path = TagsHeaderCell.swift; sourceTree = "<group>"; };
		F7286EFA2A798228009814E0 /* TagsHeaderCell.xib */ = {isa = PBXFileReference; lastKnownFileType = file.xib; path = TagsHeaderCell.xib; sourceTree = "<group>"; };
		F7286EFC2A798302009814E0 /* HeaderCell.xib */ = {isa = PBXFileReference; lastKnownFileType = file.xib; path = HeaderCell.xib; sourceTree = "<group>"; };
		F7286EFE2A798326009814E0 /* TagsCell.swift */ = {isa = PBXFileReference; lastKnownFileType = sourcecode.swift; path = TagsCell.swift; sourceTree = "<group>"; };
		F7286F002A798342009814E0 /* TagsCell.xib */ = {isa = PBXFileReference; lastKnownFileType = file.xib; path = TagsCell.xib; sourceTree = "<group>"; };
/* End PBXFileReference section */

/* Begin PBXFrameworksBuildPhase section */
		F7286ECE2A797C73009814E0 /* Frameworks */ = {
			isa = PBXFrameworksBuildPhase;
			buildActionMask = 2147483647;
			files = (
			);
			runOnlyForDeploymentPostprocessing = 0;
		};
/* End PBXFrameworksBuildPhase section */

/* Begin PBXGroup section */
		F7286EC82A797C73009814E0 = {
			isa = PBXGroup;
			children = (
				F7286ED32A797C73009814E0 /* Surf_cv */,
				F7286ED22A797C73009814E0 /* Products */,
			);
			sourceTree = "<group>";
		};
		F7286ED22A797C73009814E0 /* Products */ = {
			isa = PBXGroup;
			children = (
				F7286ED12A797C73009814E0 /* Surf_cv.app */,
			);
			name = Products;
			sourceTree = "<group>";
		};
		F7286ED32A797C73009814E0 /* Surf_cv */ = {
			isa = PBXGroup;
			children = (
				F7286ED42A797C73009814E0 /* AppDelegate.swift */,
				F7286ED62A797C73009814E0 /* SceneDelegate.swift */,
				F7286ED82A797C73009814E0 /* ProfileViewController.swift */,
				F7286EE82A797F52009814E0 /* StorageService.swift */,
				F7286EEA2A797F9C009814E0 /* TagView */,
				F7286EF12A798081009814E0 /* Cells */,
				F7286EDA2A797C73009814E0 /* Main.storyboard */,
				F7286EDD2A797C74009814E0 /* Assets.xcassets */,
				F7286EDF2A797C74009814E0 /* LaunchScreen.storyboard */,
				F7286EE22A797C74009814E0 /* Info.plist */,
			);
			path = Surf_cv;
			sourceTree = "<group>";
		};
		F7286EEA2A797F9C009814E0 /* TagView */ = {
			isa = PBXGroup;
			children = (
				F7286EEB2A797FBF009814E0 /* CloseButton.swift */,
				F7286EED2A79801A009814E0 /* TagListView.swift */,
				F7286EEF2A79803A009814E0 /* TagView.swift */,
			);
			path = TagView;
			sourceTree = "<group>";
		};
		F7286EF12A798081009814E0 /* Cells */ = {
			isa = PBXGroup;
			children = (
				F7286EF22A7980B8009814E0 /* HeaderCell.swift */,
				F7286EFC2A798302009814E0 /* HeaderCell.xib */,
				F7286EF42A7980E4009814E0 /* AboutCell.swift */,
				F7286EF62A798149009814E0 /* AboutCell.xib */,
				F7286EF82A798201009814E0 /* TagsHeaderCell.swift */,
				F7286EFA2A798228009814E0 /* TagsHeaderCell.xib */,
				F7286EFE2A798326009814E0 /* TagsCell.swift */,
				F7286F002A798342009814E0 /* TagsCell.xib */,
			);
			path = Cells;
			sourceTree = "<group>";
		};
/* End PBXGroup section */

/* Begin PBXNativeTarget section */
		F7286ED02A797C73009814E0 /* Surf_cv */ = {
			isa = PBXNativeTarget;
			buildConfigurationList = F7286EE52A797C74009814E0 /* Build configuration list for PBXNativeTarget "Surf_cv" */;
			buildPhases = (
				F7286ECD2A797C73009814E0 /* Sources */,
				F7286ECE2A797C73009814E0 /* Frameworks */,
				F7286ECF2A797C73009814E0 /* Resources */,
			);
			buildRules = (
			);
			dependencies = (
			);
			name = Surf_cv;
			productName = Surf_cv;
			productReference = F7286ED12A797C73009814E0 /* Surf_cv.app */;
			productType = "com.apple.product-type.application";
		};
/* End PBXNativeTarget section */

/* Begin PBXProject section */
		F7286EC92A797C73009814E0 /* Project object */ = {
			isa = PBXProject;
			attributes = {
				BuildIndependentTargetsInParallel = 1;
				LastSwiftUpdateCheck = 1430;
				LastUpgradeCheck = 1430;
				TargetAttributes = {
					F7286ED02A797C73009814E0 = {
						CreatedOnToolsVersion = 14.3.1;
					};
				};
			};
			buildConfigurationList = F7286ECC2A797C73009814E0 /* Build configuration list for PBXProject "Surf_cv" */;
			compatibilityVersion = "Xcode 14.0";
			developmentRegion = en;
			hasScannedForEncodings = 0;
			knownRegions = (
				en,
				Base,
			);
			mainGroup = F7286EC82A797C73009814E0;
			productRefGroup = F7286ED22A797C73009814E0 /* Products */;
			projectDirPath = "";
			projectRoot = "";
			targets = (
				F7286ED02A797C73009814E0 /* Surf_cv */,
			);
		};
/* End PBXProject section */

/* Begin PBXResourcesBuildPhase section */
		F7286ECF2A797C73009814E0 /* Resources */ = {
			isa = PBXResourcesBuildPhase;
			buildActionMask = 2147483647;
			files = (
				F7286EE12A797C74009814E0 /* LaunchScreen.storyboard in Resources */,
				F7286EF72A798149009814E0 /* AboutCell.xib in Resources */,
				F7286F012A798342009814E0 /* TagsCell.xib in Resources */,
				F7286EDE2A797C74009814E0 /* Assets.xcassets in Resources */,
				F7286EDC2A797C73009814E0 /* Main.storyboard in Resources */,
				F7286EFD2A798302009814E0 /* HeaderCell.xib in Resources */,
				F7286EFB2A798228009814E0 /* TagsHeaderCell.xib in Resources */,
			);
			runOnlyForDeploymentPostprocessing = 0;
		};
/* End PBXResourcesBuildPhase section */

/* Begin PBXSourcesBuildPhase section */
		F7286ECD2A797C73009814E0 /* Sources */ = {
			isa = PBXSourcesBuildPhase;
			buildActionMask = 2147483647;
			files = (
				F7286EEC2A797FBF009814E0 /* CloseButton.swift in Sources */,
				F7286EEE2A79801A009814E0 /* TagListView.swift in Sources */,
				F7286EF52A7980E4009814E0 /* AboutCell.swift in Sources */,
				F7286ED92A797C73009814E0 /* ProfileViewController.swift in Sources */,
				F7286EE92A797F52009814E0 /* StorageService.swift in Sources */,
				F7286EF32A7980B8009814E0 /* HeaderCell.swift in Sources */,
				F7286EF02A79803A009814E0 /* TagView.swift in Sources */,
				F7286EFF2A798326009814E0 /* TagsCell.swift in Sources */,
				F7286EF92A798201009814E0 /* TagsHeaderCell.swift in Sources */,
				F7286ED52A797C73009814E0 /* AppDelegate.swift in Sources */,
				F7286ED72A797C73009814E0 /* SceneDelegate.swift in Sources */,
			);
			runOnlyForDeploymentPostprocessing = 0;
		};
/* End PBXSourcesBuildPhase section */

/* Begin PBXVariantGroup section */
		F7286EDA2A797C73009814E0 /* Main.storyboard */ = {
			isa = PBXVariantGroup;
			children = (
				F7286EDB2A797C73009814E0 /* Base */,
			);
			name = Main.storyboard;
			sourceTree = "<group>";
		};
		F7286EDF2A797C74009814E0 /* LaunchScreen.storyboard */ = {
			isa = PBXVariantGroup;
			children = (
				F7286EE02A797C74009814E0 /* Base */,
			);
			name = LaunchScreen.storyboard;
			sourceTree = "<group>";
		};
/* End PBXVariantGroup section */

/* Begin XCBuildConfiguration section */
		F7286EE32A797C74009814E0 /* Debug */ = {
			isa = XCBuildConfiguration;
			buildSettings = {
				ALWAYS_SEARCH_USER_PATHS = NO;
				CLANG_ANALYZER_NONNULL = YES;
				CLANG_ANALYZER_NUMBER_OBJECT_CONVERSION = YES_AGGRESSIVE;
				CLANG_CXX_LANGUAGE_STANDARD = "gnu++20";
				CLANG_ENABLE_MODULES = YES;
				CLANG_ENABLE_OBJC_ARC = YES;
				CLANG_ENABLE_OBJC_WEAK = YES;
				CLANG_WARN_BLOCK_CAPTURE_AUTORELEASING = YES;
				CLANG_WARN_BOOL_CONVERSION = YES;
				CLANG_WARN_COMMA = YES;
				CLANG_WARN_CONSTANT_CONVERSION = YES;
				CLANG_WARN_DEPRECATED_OBJC_IMPLEMENTATIONS = YES;
				CLANG_WARN_DIRECT_OBJC_ISA_USAGE = YES_ERROR;
				CLANG_WARN_DOCUMENTATION_COMMENTS = YES;
				CLANG_WARN_EMPTY_BODY = YES;
				CLANG_WARN_ENUM_CONVERSION = YES;
				CLANG_WARN_INFINITE_RECURSION = YES;
				CLANG_WARN_INT_CONVERSION = YES;
				CLANG_WARN_NON_LITERAL_NULL_CONVERSION = YES;
				CLANG_WARN_OBJC_IMPLICIT_RETAIN_SELF = YES;
				CLANG_WARN_OBJC_LITERAL_CONVERSION = YES;
				CLANG_WARN_OBJC_ROOT_CLASS = YES_ERROR;
				CLANG_WARN_QUOTED_INCLUDE_IN_FRAMEWORK_HEADER = YES;
				CLANG_WARN_RANGE_LOOP_ANALYSIS = YES;
				CLANG_WARN_STRICT_PROTOTYPES = YES;
				CLANG_WARN_SUSPICIOUS_MOVE = YES;
				CLANG_WARN_UNGUARDED_AVAILABILITY = YES_AGGRESSIVE;
				CLANG_WARN_UNREACHABLE_CODE = YES;
				CLANG_WARN__DUPLICATE_METHOD_MATCH = YES;
				COPY_PHASE_STRIP = NO;
				DEBUG_INFORMATION_FORMAT = dwarf;
				ENABLE_STRICT_OBJC_MSGSEND = YES;
				ENABLE_TESTABILITY = YES;
				GCC_C_LANGUAGE_STANDARD = gnu11;
				GCC_DYNAMIC_NO_PIC = NO;
				GCC_NO_COMMON_BLOCKS = YES;
				GCC_OPTIMIZATION_LEVEL = 0;
				GCC_PREPROCESSOR_DEFINITIONS = (
					"DEBUG=1",
					"$(inherited)",
				);
				GCC_WARN_64_TO_32_BIT_CONVERSION = YES;
				GCC_WARN_ABOUT_RETURN_TYPE = YES_ERROR;
				GCC_WARN_UNDECLARED_SELECTOR = YES;
				GCC_WARN_UNINITIALIZED_AUTOS = YES_AGGRESSIVE;
				GCC_WARN_UNUSED_FUNCTION = YES;
				GCC_WARN_UNUSED_VARIABLE = YES;
				IPHONEOS_DEPLOYMENT_TARGET = 16.4;
				MTL_ENABLE_DEBUG_INFO = INCLUDE_SOURCE;
				MTL_FAST_MATH = YES;
				ONLY_ACTIVE_ARCH = YES;
				SDKROOT = iphoneos;
				SWIFT_ACTIVE_COMPILATION_CONDITIONS = DEBUG;
				SWIFT_OPTIMIZATION_LEVEL = "-Onone";
			};
			name = Debug;
		};
		F7286EE42A797C74009814E0 /* Release */ = {
			isa = XCBuildConfiguration;
			buildSettings = {
				ALWAYS_SEARCH_USER_PATHS = NO;
				CLANG_ANALYZER_NONNULL = YES;
				CLANG_ANALYZER_NUMBER_OBJECT_CONVERSION = YES_AGGRESSIVE;
				CLANG_CXX_LANGUAGE_STANDARD = "gnu++20";
				CLANG_ENABLE_MODULES = YES;
				CLANG_ENABLE_OBJC_ARC = YES;
				CLANG_ENABLE_OBJC_WEAK = YES;
				CLANG_WARN_BLOCK_CAPTURE_AUTORELEASING = YES;
				CLANG_WARN_BOOL_CONVERSION = YES;
				CLANG_WARN_COMMA = YES;
				CLANG_WARN_CONSTANT_CONVERSION = YES;
				CLANG_WARN_DEPRECATED_OBJC_IMPLEMENTATIONS = YES;
				CLANG_WARN_DIRECT_OBJC_ISA_USAGE = YES_ERROR;
				CLANG_WARN_DOCUMENTATION_COMMENTS = YES;
				CLANG_WARN_EMPTY_BODY = YES;
				CLANG_WARN_ENUM_CONVERSION = YES;
				CLANG_WARN_INFINITE_RECURSION = YES;
				CLANG_WARN_INT_CONVERSION = YES;
				CLANG_WARN_NON_LITERAL_NULL_CONVERSION = YES;
				CLANG_WARN_OBJC_IMPLICIT_RETAIN_SELF = YES;
				CLANG_WARN_OBJC_LITERAL_CONVERSION = YES;
				CLANG_WARN_OBJC_ROOT_CLASS = YES_ERROR;
				CLANG_WARN_QUOTED_INCLUDE_IN_FRAMEWORK_HEADER = YES;
				CLANG_WARN_RANGE_LOOP_ANALYSIS = YES;
				CLANG_WARN_STRICT_PROTOTYPES = YES;
				CLANG_WARN_SUSPICIOUS_MOVE = YES;
				CLANG_WARN_UNGUARDED_AVAILABILITY = YES_AGGRESSIVE;
				CLANG_WARN_UNREACHABLE_CODE = YES;
				CLANG_WARN__DUPLICATE_METHOD_MATCH = YES;
				COPY_PHASE_STRIP = NO;
				DEBUG_INFORMATION_FORMAT = "dwarf-with-dsym";
				ENABLE_NS_ASSERTIONS = NO;
				ENABLE_STRICT_OBJC_MSGSEND = YES;
				GCC_C_LANGUAGE_STANDARD = gnu11;
				GCC_NO_COMMON_BLOCKS = YES;
				GCC_WARN_64_TO_32_BIT_CONVERSION = YES;
				GCC_WARN_ABOUT_RETURN_TYPE = YES_ERROR;
				GCC_WARN_UNDECLARED_SELECTOR = YES;
				GCC_WARN_UNINITIALIZED_AUTOS = YES_AGGRESSIVE;
				GCC_WARN_UNUSED_FUNCTION = YES;
				GCC_WARN_UNUSED_VARIABLE = YES;
				IPHONEOS_DEPLOYMENT_TARGET = 16.4;
				MTL_ENABLE_DEBUG_INFO = NO;
				MTL_FAST_MATH = YES;
				SDKROOT = iphoneos;
				SWIFT_COMPILATION_MODE = wholemodule;
				SWIFT_OPTIMIZATION_LEVEL = "-O";
				VALIDATE_PRODUCT = YES;
			};
			name = Release;
		};
		F7286EE62A797C74009814E0 /* Debug */ = {
			isa = XCBuildConfiguration;
			buildSettings = {
				ASSETCATALOG_COMPILER_APPICON_NAME = AppIcon;
				ASSETCATALOG_COMPILER_GLOBAL_ACCENT_COLOR_NAME = AccentColor;
				CODE_SIGN_STYLE = Automatic;
				CURRENT_PROJECT_VERSION = 1;
				DEVELOPMENT_TEAM = T6LVN7C3SS;
				GENERATE_INFOPLIST_FILE = YES;
				INFOPLIST_FILE = Surf_cv/Info.plist;
				INFOPLIST_KEY_UIApplicationSupportsIndirectInputEvents = YES;
				INFOPLIST_KEY_UILaunchStoryboardName = LaunchScreen;
				INFOPLIST_KEY_UIMainStoryboardFile = Main;
				INFOPLIST_KEY_UISupportedInterfaceOrientations_iPad = "UIInterfaceOrientationPortrait UIInterfaceOrientationPortraitUpsideDown UIInterfaceOrientationLandscapeLeft UIInterfaceOrientationLandscapeRight";
				INFOPLIST_KEY_UISupportedInterfaceOrientations_iPhone = "UIInterfaceOrientationPortrait UIInterfaceOrientationLandscapeLeft UIInterfaceOrientationLandscapeRight";
				LD_RUNPATH_SEARCH_PATHS = (
					"$(inherited)",
					"@executable_path/Frameworks",
				);
				MARKETING_VERSION = 1.0;
				PRODUCT_BUNDLE_IDENTIFIER = "mak.Surf-cv";
				PRODUCT_NAME = "$(TARGET_NAME)";
				SWIFT_EMIT_LOC_STRINGS = YES;
				SWIFT_VERSION = 5.0;
				TARGETED_DEVICE_FAMILY = "1,2";
			};
			name = Debug;
		};
		F7286EE72A797C74009814E0 /* Release */ = {
			isa = XCBuildConfiguration;
			buildSettings = {
				ASSETCATALOG_COMPILER_APPICON_NAME = AppIcon;
				ASSETCATALOG_COMPILER_GLOBAL_ACCENT_COLOR_NAME = AccentColor;
				CODE_SIGN_STYLE = Automatic;
				CURRENT_PROJECT_VERSION = 1;
				DEVELOPMENT_TEAM = T6LVN7C3SS;
				GENERATE_INFOPLIST_FILE = YES;
				INFOPLIST_FILE = Surf_cv/Info.plist;
				INFOPLIST_KEY_UIApplicationSupportsIndirectInputEvents = YES;
				INFOPLIST_KEY_UILaunchStoryboardName = LaunchScreen;
				INFOPLIST_KEY_UIMainStoryboardFile = Main;
				INFOPLIST_KEY_UISupportedInterfaceOrientations_iPad = "UIInterfaceOrientationPortrait UIInterfaceOrientationPortraitUpsideDown UIInterfaceOrientationLandscapeLeft UIInterfaceOrientationLandscapeRight";
				INFOPLIST_KEY_UISupportedInterfaceOrientations_iPhone = "UIInterfaceOrientationPortrait UIInterfaceOrientationLandscapeLeft UIInterfaceOrientationLandscapeRight";
				LD_RUNPATH_SEARCH_PATHS = (
					"$(inherited)",
					"@executable_path/Frameworks",
				);
				MARKETING_VERSION = 1.0;
				PRODUCT_BUNDLE_IDENTIFIER = "mak.Surf-cv";
				PRODUCT_NAME = "$(TARGET_NAME)";
				SWIFT_EMIT_LOC_STRINGS = YES;
				SWIFT_VERSION = 5.0;
				TARGETED_DEVICE_FAMILY = "1,2";
			};
			name = Release;
		};
/* End XCBuildConfiguration section */

/* Begin XCConfigurationList section */
		F7286ECC2A797C73009814E0 /* Build configuration list for PBXProject "Surf_cv" */ = {
			isa = XCConfigurationList;
			buildConfigurations = (
				F7286EE32A797C74009814E0 /* Debug */,
				F7286EE42A797C74009814E0 /* Release */,
			);
			defaultConfigurationIsVisible = 0;
			defaultConfigurationName = Release;
		};
		F7286EE52A797C74009814E0 /* Build configuration list for PBXNativeTarget "Surf_cv" */ = {
			isa = XCConfigurationList;
			buildConfigurations = (
				F7286EE62A797C74009814E0 /* Debug */,
				F7286EE72A797C74009814E0 /* Release */,
			);
			defaultConfigurationIsVisible = 0;
			defaultConfigurationName = Release;
		};
/* End XCConfigurationList section */
	};
	rootObject = F7286EC92A797C73009814E0 /* Project object */;
}
